
Microsoft Visual Studio Solution File, Format Version 12.00
# Visual Studio Version 16
VisualStudioVersion = 16.0.31624.102
MinimumVisualStudioVersion = 10.0.40219.1
Project("{FAE04EC0-301F-11D3-BF4B-00C04F79EFBC}") = "Ass2Astro", "Ass2Astro\Ass2Astro.csproj", "{9FE96BD5-A866-44BC-9A12-48F038CB4A48}"
EndProject
Global
	GlobalSection(SolutionConfigurationPlatforms) = preSolution
		Debug|Any CPU = Debug|Any CPU
		Release|Any CPU = Release|Any CPU
	EndGlobalSection
	GlobalSection(ProjectConfigurationPlatforms) = postSolution
		{9FE96BD5-A866-44BC-9A12-48F038CB4A48}.Debug|Any CPU.ActiveCfg = Debug|Any CPU
		{9FE96BD5-A866-44BC-9A12-48F038CB4A48}.Debug|Any CPU.Build.0 = Debug|Any CPU
		{9FE96BD5-A866-44BC-9A12-48F038CB4A48}.Release|Any CPU.ActiveCfg = Release|Any CPU
		{9FE96BD5-A866-44BC-9A12-48F038CB4A48}.Release|Any CPU.Build.0 = Release|Any CPU
	EndGlobalSection
	GlobalSection(SolutionProperties) = preSolution
		HideSolutionNode = FALSE
	EndGlobalSection
	GlobalSection(ExtensibilityGlobals) = postSolution
		SolutionGuid = {B4C5A66A-9B0D-4871-88C9-4B105B03FAAC}
	EndGlobalSection
EndGlobal
